// !$*UTF8*$!
{
	archiveVersion = 1;
	classes = {
	};
	objectVersion = 55;
	objects = {

/* Begin PBXBuildFile section */
		3E406A552785606D00AE4286 /* RegisterView.swift in Sources */ = {isa = PBXBuildFile; fileRef = 3E406A542785606D00AE4286 /* RegisterView.swift */; };
		3E406A572785619E00AE4286 /* MyProfileView.swift in Sources */ = {isa = PBXBuildFile; fileRef = 3E406A562785619E00AE4286 /* MyProfileView.swift */; };
		3E406A5A278561DD00AE4286 /* UserData.swift in Sources */ = {isa = PBXBuildFile; fileRef = 3E406A59278561DD00AE4286 /* UserData.swift */; };
		3E406A5D2785684F00AE4286 /* OtherUserProfileView.swift in Sources */ = {isa = PBXBuildFile; fileRef = 3E406A5C2785684F00AE4286 /* OtherUserProfileView.swift */; };
		3E406A5F27856A6500AE4286 /* UserListView.swift in Sources */ = {isa = PBXBuildFile; fileRef = 3E406A5E27856A6500AE4286 /* UserListView.swift */; };
		3E406A622786CE0700AE4286 /* Alamofire in Frameworks */ = {isa = PBXBuildFile; productRef = 3E406A612786CE0700AE4286 /* Alamofire */; };
		3E406A672786FD8600AE4286 /* ApiClient.swift in Sources */ = {isa = PBXBuildFile; fileRef = 3E406A662786FD8600AE4286 /* ApiClient.swift */; };
		3E406A692786FDFD00AE4286 /* BaseInterceptor.swift in Sources */ = {isa = PBXBuildFile; fileRef = 3E406A682786FDFD00AE4286 /* BaseInterceptor.swift */; };
		3E406A6B2786FFBB00AE4286 /* ApiLogger.swift in Sources */ = {isa = PBXBuildFile; fileRef = 3E406A6A2786FFBB00AE4286 /* ApiLogger.swift */; };
		3E406A6D278703BA00AE4286 /* AuthRouter.swift in Sources */ = {isa = PBXBuildFile; fileRef = 3E406A6C278703BA00AE4286 /* AuthRouter.swift */; };
		3E406A702787073900AE4286 /* AuthApiService.swift in Sources */ = {isa = PBXBuildFile; fileRef = 3E406A6F2787073900AE4286 /* AuthApiService.swift */; };
		3E406A722787085300AE4286 /* TokenData.swift in Sources */ = {isa = PBXBuildFile; fileRef = 3E406A712787085300AE4286 /* TokenData.swift */; };
		3E406A742787097700AE4286 /* AuthResponse.swift in Sources */ = {isa = PBXBuildFile; fileRef = 3E406A732787097700AE4286 /* AuthResponse.swift */; };
		3E406A7727870AB700AE4286 /* UserVM.swift in Sources */ = {isa = PBXBuildFile; fileRef = 3E406A7627870AB700AE4286 /* UserVM.swift */; };
		3E90F25B27855AC10077F5C3 /* OAuth_Alamofire_SwiftUIApp.swift in Sources */ = {isa = PBXBuildFile; fileRef = 3E90F25A27855AC10077F5C3 /* OAuth_Alamofire_SwiftUIApp.swift */; };
		3E90F25D27855AC10077F5C3 /* ContentView.swift in Sources */ = {isa = PBXBuildFile; fileRef = 3E90F25C27855AC10077F5C3 /* ContentView.swift */; };
		3E90F25F27855AC30077F5C3 /* Assets.xcassets in Resources */ = {isa = PBXBuildFile; fileRef = 3E90F25E27855AC30077F5C3 /* Assets.xcassets */; };
		3E90F26227855AC30077F5C3 /* Preview Assets.xcassets in Resources */ = {isa = PBXBuildFile; fileRef = 3E90F26127855AC30077F5C3 /* Preview Assets.xcassets */; };
		3E90F26927855C440077F5C3 /* MyNavigationLink.swift in Sources */ = {isa = PBXBuildFile; fileRef = 3E90F26827855C430077F5C3 /* MyNavigationLink.swift */; };
		3E90F26C27855E490077F5C3 /* LoginView.swift in Sources */ = {isa = PBXBuildFile; fileRef = 3E90F26B27855E490077F5C3 /* LoginView.swift */; };
/* End PBXBuildFile section */

/* Begin PBXFileReference section */
		3E406A542785606D00AE4286 /* RegisterView.swift */ = {isa = PBXFileReference; lastKnownFileType = sourcecode.swift; path = RegisterView.swift; sourceTree = "<group>"; };
		3E406A562785619E00AE4286 /* MyProfileView.swift */ = {isa = PBXFileReference; lastKnownFileType = sourcecode.swift; path = MyProfileView.swift; sourceTree = "<group>"; };
		3E406A59278561DD00AE4286 /* UserData.swift */ = {isa = PBXFileReference; lastKnownFileType = sourcecode.swift; path = UserData.swift; sourceTree = "<group>"; };
		3E406A5B2785637900AE4286 /* OAuth-Alamofire-SwiftUI-Info.plist */ = {isa = PBXFileReference; lastKnownFileType = text.plist; path = "OAuth-Alamofire-SwiftUI-Info.plist"; sourceTree = SOURCE_ROOT; };
		3E406A5C2785684F00AE4286 /* OtherUserProfileView.swift */ = {isa = PBXFileReference; lastKnownFileType = sourcecode.swift; path = OtherUserProfileView.swift; sourceTree = "<group>"; };
		3E406A5E27856A6500AE4286 /* UserListView.swift */ = {isa = PBXFileReference; lastKnownFileType = sourcecode.swift; path = UserListView.swift; sourceTree = "<group>"; };
		3E406A662786FD8600AE4286 /* ApiClient.swift */ = {isa = PBXFileReference; lastKnownFileType = sourcecode.swift; path = ApiClient.swift; sourceTree = "<group>"; };
		3E406A682786FDFD00AE4286 /* BaseInterceptor.swift */ = {isa = PBXFileReference; lastKnownFileType = sourcecode.swift; path = BaseInterceptor.swift; sourceTree = "<group>"; };
		3E406A6A2786FFBB00AE4286 /* ApiLogger.swift */ = {isa = PBXFileReference; lastKnownFileType = sourcecode.swift; path = ApiLogger.swift; sourceTree = "<group>"; };
		3E406A6C278703BA00AE4286 /* AuthRouter.swift */ = {isa = PBXFileReference; lastKnownFileType = sourcecode.swift; path = AuthRouter.swift; sourceTree = "<group>"; };
		3E406A6F2787073900AE4286 /* AuthApiService.swift */ = {isa = PBXFileReference; lastKnownFileType = sourcecode.swift; path = AuthApiService.swift; sourceTree = "<group>"; };
		3E406A712787085300AE4286 /* TokenData.swift */ = {isa = PBXFileReference; lastKnownFileType = sourcecode.swift; path = TokenData.swift; sourceTree = "<group>"; };
		3E406A732787097700AE4286 /* AuthResponse.swift */ = {isa = PBXFileReference; lastKnownFileType = sourcecode.swift; path = AuthResponse.swift; sourceTree = "<group>"; };
		3E406A7627870AB700AE4286 /* UserVM.swift */ = {isa = PBXFileReference; lastKnownFileType = sourcecode.swift; path = UserVM.swift; sourceTree = "<group>"; };
		3E90F25727855AC10077F5C3 /* OAuth_Alamofire_SwiftUI.app */ = {isa = PBXFileReference; explicitFileType = wrapper.application; includeInIndex = 0; path = OAuth_Alamofire_SwiftUI.app; sourceTree = BUILT_PRODUCTS_DIR; };
		3E90F25A27855AC10077F5C3 /* OAuth_Alamofire_SwiftUIApp.swift */ = {isa = PBXFileReference; lastKnownFileType = sourcecode.swift; path = OAuth_Alamofire_SwiftUIApp.swift; sourceTree = "<group>"; };
		3E90F25C27855AC10077F5C3 /* ContentView.swift */ = {isa = PBXFileReference; lastKnownFileType = sourcecode.swift; path = ContentView.swift; sourceTree = "<group>"; };
		3E90F25E27855AC30077F5C3 /* Assets.xcassets */ = {isa = PBXFileReference; lastKnownFileType = folder.assetcatalog; path = Assets.xcassets; sourceTree = "<group>"; };
		3E90F26127855AC30077F5C3 /* Preview Assets.xcassets */ = {isa = PBXFileReference; lastKnownFileType = folder.assetcatalog; path = "Preview Assets.xcassets"; sourceTree = "<group>"; };
		3E90F26827855C430077F5C3 /* MyNavigationLink.swift */ = {isa = PBXFileReference; lastKnownFileType = sourcecode.swift; path = MyNavigationLink.swift; sourceTree = "<group>"; };
		3E90F26B27855E490077F5C3 /* LoginView.swift */ = {isa = PBXFileReference; lastKnownFileType = sourcecode.swift; path = LoginView.swift; sourceTree = "<group>"; };
/* End PBXFileReference section */

/* Begin PBXFrameworksBuildPhase section */
		3E90F25427855AC10077F5C3 /* Frameworks */ = {
			isa = PBXFrameworksBuildPhase;
			buildActionMask = 2147483647;
			files = (
				3E406A622786CE0700AE4286 /* Alamofire in Frameworks */,
			);
			runOnlyForDeploymentPostprocessing = 0;
		};
/* End PBXFrameworksBuildPhase section */

/* Begin PBXGroup section */
		3E406A58278561C700AE4286 /* Model */ = {
			isa = PBXGroup;
			children = (
				3E406A59278561DD00AE4286 /* UserData.swift */,
				3E406A712787085300AE4286 /* TokenData.swift */,
				3E406A732787097700AE4286 /* AuthResponse.swift */,
			);
			path = Model;
			sourceTree = "<group>";
		};
		3E406A632786FC8D00AE4286 /* API */ = {
			isa = PBXGroup;
			children = (
				3E406A662786FD8600AE4286 /* ApiClient.swift */,
				3E406A6A2786FFBB00AE4286 /* ApiLogger.swift */,
				3E406A6E2787072B00AE4286 /* Service */,
				3E406A652786FC9B00AE4286 /* Interceptor */,
				3E406A642786FC9400AE4286 /* Router */,
			);
			path = API;
			sourceTree = "<group>";
		};
		3E406A642786FC9400AE4286 /* Router */ = {
			isa = PBXGroup;
			children = (
				3E406A6C278703BA00AE4286 /* AuthRouter.swift */,
			);
			path = Router;
			sourceTree = "<group>";
		};
		3E406A652786FC9B00AE4286 /* Interceptor */ = {
			isa = PBXGroup;
			children = (
				3E406A682786FDFD00AE4286 /* BaseInterceptor.swift */,
			);
			path = Interceptor;
			sourceTree = "<group>";
		};
		3E406A6E2787072B00AE4286 /* Service */ = {
			isa = PBXGroup;
			children = (
				3E406A6F2787073900AE4286 /* AuthApiService.swift */,
			);
			path = Service;
			sourceTree = "<group>";
		};
		3E406A7527870A9D00AE4286 /* ViewModel */ = {
			isa = PBXGroup;
			children = (
				3E406A7627870AB700AE4286 /* UserVM.swift */,
			);
			path = ViewModel;
			sourceTree = "<group>";
		};
		3E90F24E27855AC10077F5C3 = {
			isa = PBXGroup;
			children = (
				3E90F25927855AC10077F5C3 /* OAuth_Alamofire_SwiftUI */,
				3E90F25827855AC10077F5C3 /* Products */,
			);
			sourceTree = "<group>";
		};
		3E90F25827855AC10077F5C3 /* Products */ = {
			isa = PBXGroup;
			children = (
				3E90F25727855AC10077F5C3 /* OAuth_Alamofire_SwiftUI.app */,
			);
			name = Products;
			sourceTree = "<group>";
		};
		3E90F25927855AC10077F5C3 /* OAuth_Alamofire_SwiftUI */ = {
			isa = PBXGroup;
			children = (
				3E406A632786FC8D00AE4286 /* API */,
				3E406A58278561C700AE4286 /* Model */,
				3E90F26A27855E330077F5C3 /* View */,
				3E406A7527870A9D00AE4286 /* ViewModel */,
				3E90F25A27855AC10077F5C3 /* OAuth_Alamofire_SwiftUIApp.swift */,
				3E406A5B2785637900AE4286 /* OAuth-Alamofire-SwiftUI-Info.plist */,
				3E90F25E27855AC30077F5C3 /* Assets.xcassets */,
				3E90F26027855AC30077F5C3 /* Preview Content */,
			);
			path = OAuth_Alamofire_SwiftUI;
			sourceTree = "<group>";
		};
		3E90F26027855AC30077F5C3 /* Preview Content */ = {
			isa = PBXGroup;
			children = (
				3E90F26127855AC30077F5C3 /* Preview Assets.xcassets */,
			);
			path = "Preview Content";
			sourceTree = "<group>";
		};
		3E90F26A27855E330077F5C3 /* View */ = {
			isa = PBXGroup;
			children = (
				3E90F25C27855AC10077F5C3 /* ContentView.swift */,
				3E90F26B27855E490077F5C3 /* LoginView.swift */,
				3E406A542785606D00AE4286 /* RegisterView.swift */,
				3E406A562785619E00AE4286 /* MyProfileView.swift */,
				3E406A5C2785684F00AE4286 /* OtherUserProfileView.swift */,
				3E406A5E27856A6500AE4286 /* UserListView.swift */,
				3E90F26827855C430077F5C3 /* MyNavigationLink.swift */,
			);
			path = View;
			sourceTree = "<group>";
		};
/* End PBXGroup section */

/* Begin PBXNativeTarget section */
		3E90F25627855AC10077F5C3 /* OAuth_Alamofire_SwiftUI */ = {
			isa = PBXNativeTarget;
			buildConfigurationList = 3E90F26527855AC30077F5C3 /* Build configuration list for PBXNativeTarget "OAuth_Alamofire_SwiftUI" */;
			buildPhases = (
				3E90F25327855AC10077F5C3 /* Sources */,
				3E90F25427855AC10077F5C3 /* Frameworks */,
				3E90F25527855AC10077F5C3 /* Resources */,
			);
			buildRules = (
			);
			dependencies = (
			);
			name = OAuth_Alamofire_SwiftUI;
			packageProductDependencies = (
				3E406A612786CE0700AE4286 /* Alamofire */,
			);
			productName = OAuth_Alamofire_SwiftUI;
			productReference = 3E90F25727855AC10077F5C3 /* OAuth_Alamofire_SwiftUI.app */;
			productType = "com.apple.product-type.application";
		};
/* End PBXNativeTarget section */

/* Begin PBXProject section */
		3E90F24F27855AC10077F5C3 /* Project object */ = {
			isa = PBXProject;
			attributes = {
				BuildIndependentTargetsInParallel = 1;
				LastSwiftUpdateCheck = 1320;
				LastUpgradeCheck = 1320;
				TargetAttributes = {
					3E90F25627855AC10077F5C3 = {
						CreatedOnToolsVersion = 13.2.1;
					};
				};
			};
			buildConfigurationList = 3E90F25227855AC10077F5C3 /* Build configuration list for PBXProject "OAuth_Alamofire_SwiftUI" */;
			compatibilityVersion = "Xcode 13.0";
			developmentRegion = en;
			hasScannedForEncodings = 0;
			knownRegions = (
				en,
				Base,
			);
			mainGroup = 3E90F24E27855AC10077F5C3;
			packageReferences = (
				3E406A602786CE0700AE4286 /* XCRemoteSwiftPackageReference "Alamofire" */,
			);
			productRefGroup = 3E90F25827855AC10077F5C3 /* Products */;
			projectDirPath = "";
			projectRoot = "";
			targets = (
				3E90F25627855AC10077F5C3 /* OAuth_Alamofire_SwiftUI */,
			);
		};
/* End PBXProject section */

/* Begin PBXResourcesBuildPhase section */
		3E90F25527855AC10077F5C3 /* Resources */ = {
			isa = PBXResourcesBuildPhase;
			buildActionMask = 2147483647;
			files = (
				3E90F26227855AC30077F5C3 /* Preview Assets.xcassets in Resources */,
				3E90F25F27855AC30077F5C3 /* Assets.xcassets in Resources */,
			);
			runOnlyForDeploymentPostprocessing = 0;
		};
/* End PBXResourcesBuildPhase section */

/* Begin PBXSourcesBuildPhase section */
		3E90F25327855AC10077F5C3 /* Sources */ = {
			isa = PBXSourcesBuildPhase;
			buildActionMask = 2147483647;
			files = (
				3E406A6B2786FFBB00AE4286 /* ApiLogger.swift in Sources */,
				3E90F25D27855AC10077F5C3 /* ContentView.swift in Sources */,
				3E406A5F27856A6500AE4286 /* UserListView.swift in Sources */,
				3E406A552785606D00AE4286 /* RegisterView.swift in Sources */,
				3E406A5D2785684F00AE4286 /* OtherUserProfileView.swift in Sources */,
				3E406A5A278561DD00AE4286 /* UserData.swift in Sources */,
				3E90F25B27855AC10077F5C3 /* OAuth_Alamofire_SwiftUIApp.swift in Sources */,
				3E90F26C27855E490077F5C3 /* LoginView.swift in Sources */,
				3E406A6D278703BA00AE4286 /* AuthRouter.swift in Sources */,
				3E406A692786FDFD00AE4286 /* BaseInterceptor.swift in Sources */,
				3E406A722787085300AE4286 /* TokenData.swift in Sources */,
				3E406A572785619E00AE4286 /* MyProfileView.swift in Sources */,
				3E90F26927855C440077F5C3 /* MyNavigationLink.swift in Sources */,
				3E406A702787073900AE4286 /* AuthApiService.swift in Sources */,
				3E406A742787097700AE4286 /* AuthResponse.swift in Sources */,
				3E406A7727870AB700AE4286 /* UserVM.swift in Sources */,
				3E406A672786FD8600AE4286 /* ApiClient.swift in Sources */,
			);
			runOnlyForDeploymentPostprocessing = 0;
		};
/* End PBXSourcesBuildPhase section */

/* Begin XCBuildConfiguration section */
		3E90F26327855AC30077F5C3 /* Debug */ = {
			isa = XCBuildConfiguration;
			buildSettings = {
				ALWAYS_SEARCH_USER_PATHS = NO;
				CLANG_ANALYZER_NONNULL = YES;
				CLANG_ANALYZER_NUMBER_OBJECT_CONVERSION = YES_AGGRESSIVE;
				CLANG_CXX_LANGUAGE_STANDARD = "gnu++17";
				CLANG_CXX_LIBRARY = "libc++";
				CLANG_ENABLE_MODULES = YES;
				CLANG_ENABLE_OBJC_ARC = YES;
				CLANG_ENABLE_OBJC_WEAK = YES;
				CLANG_WARN_BLOCK_CAPTURE_AUTORELEASING = YES;
				CLANG_WARN_BOOL_CONVERSION = YES;
				CLANG_WARN_COMMA = YES;
				CLANG_WARN_CONSTANT_CONVERSION = YES;
				CLANG_WARN_DEPRECATED_OBJC_IMPLEMENTATIONS = YES;
				CLANG_WARN_DIRECT_OBJC_ISA_USAGE = YES_ERROR;
				CLANG_WARN_DOCUMENTATION_COMMENTS = YES;
				CLANG_WARN_EMPTY_BODY = YES;
				CLANG_WARN_ENUM_CONVERSION = YES;
				CLANG_WARN_INFINITE_RECURSION = YES;
				CLANG_WARN_INT_CONVERSION = YES;
				CLANG_WARN_NON_LITERAL_NULL_CONVERSION = YES;
				CLANG_WARN_OBJC_IMPLICIT_RETAIN_SELF = YES;
				CLANG_WARN_OBJC_LITERAL_CONVERSION = YES;
				CLANG_WARN_OBJC_ROOT_CLASS = YES_ERROR;
				CLANG_WARN_QUOTED_INCLUDE_IN_FRAMEWORK_HEADER = YES;
				CLANG_WARN_RANGE_LOOP_ANALYSIS = YES;
				CLANG_WARN_STRICT_PROTOTYPES = YES;
				CLANG_WARN_SUSPICIOUS_MOVE = YES;
				CLANG_WARN_UNGUARDED_AVAILABILITY = YES_AGGRESSIVE;
				CLANG_WARN_UNREACHABLE_CODE = YES;
				CLANG_WARN__DUPLICATE_METHOD_MATCH = YES;
				COPY_PHASE_STRIP = NO;
				DEBUG_INFORMATION_FORMAT = dwarf;
				ENABLE_STRICT_OBJC_MSGSEND = YES;
				ENABLE_TESTABILITY = YES;
				GCC_C_LANGUAGE_STANDARD = gnu11;
				GCC_DYNAMIC_NO_PIC = NO;
				GCC_NO_COMMON_BLOCKS = YES;
				GCC_OPTIMIZATION_LEVEL = 0;
				GCC_PREPROCESSOR_DEFINITIONS = (
					"DEBUG=1",
					"$(inherited)",
				);
				GCC_WARN_64_TO_32_BIT_CONVERSION = YES;
				GCC_WARN_ABOUT_RETURN_TYPE = YES_ERROR;
				GCC_WARN_UNDECLARED_SELECTOR = YES;
				GCC_WARN_UNINITIALIZED_AUTOS = YES_AGGRESSIVE;
				GCC_WARN_UNUSED_FUNCTION = YES;
				GCC_WARN_UNUSED_VARIABLE = YES;
				IPHONEOS_DEPLOYMENT_TARGET = 15.2;
				MTL_ENABLE_DEBUG_INFO = INCLUDE_SOURCE;
				MTL_FAST_MATH = YES;
				ONLY_ACTIVE_ARCH = YES;
				SDKROOT = iphoneos;
				SWIFT_ACTIVE_COMPILATION_CONDITIONS = DEBUG;
				SWIFT_OPTIMIZATION_LEVEL = "-Onone";
			};
			name = Debug;
		};
		3E90F26427855AC30077F5C3 /* Release */ = {
			isa = XCBuildConfiguration;
			buildSettings = {
				ALWAYS_SEARCH_USER_PATHS = NO;
				CLANG_ANALYZER_NONNULL = YES;
				CLANG_ANALYZER_NUMBER_OBJECT_CONVERSION = YES_AGGRESSIVE;
				CLANG_CXX_LANGUAGE_STANDARD = "gnu++17";
				CLANG_CXX_LIBRARY = "libc++";
				CLANG_ENABLE_MODULES = YES;
				CLANG_ENABLE_OBJC_ARC = YES;
				CLANG_ENABLE_OBJC_WEAK = YES;
				CLANG_WARN_BLOCK_CAPTURE_AUTORELEASING = YES;
				CLANG_WARN_BOOL_CONVERSION = YES;
				CLANG_WARN_COMMA = YES;
				CLANG_WARN_CONSTANT_CONVERSION = YES;
				CLANG_WARN_DEPRECATED_OBJC_IMPLEMENTATIONS = YES;
				CLANG_WARN_DIRECT_OBJC_ISA_USAGE = YES_ERROR;
				CLANG_WARN_DOCUMENTATION_COMMENTS = YES;
				CLANG_WARN_EMPTY_BODY = YES;
				CLANG_WARN_ENUM_CONVERSION = YES;
				CLANG_WARN_INFINITE_RECURSION = YES;
				CLANG_WARN_INT_CONVERSION = YES;
				CLANG_WARN_NON_LITERAL_NULL_CONVERSION = YES;
				CLANG_WARN_OBJC_IMPLICIT_RETAIN_SELF = YES;
				CLANG_WARN_OBJC_LITERAL_CONVERSION = YES;
				CLANG_WARN_OBJC_ROOT_CLASS = YES_ERROR;
				CLANG_WARN_QUOTED_INCLUDE_IN_FRAMEWORK_HEADER = YES;
				CLANG_WARN_RANGE_LOOP_ANALYSIS = YES;
				CLANG_WARN_STRICT_PROTOTYPES = YES;
				CLANG_WARN_SUSPICIOUS_MOVE = YES;
				CLANG_WARN_UNGUARDED_AVAILABILITY = YES_AGGRESSIVE;
				CLANG_WARN_UNREACHABLE_CODE = YES;
				CLANG_WARN__DUPLICATE_METHOD_MATCH = YES;
				COPY_PHASE_STRIP = NO;
				DEBUG_INFORMATION_FORMAT = "dwarf-with-dsym";
				ENABLE_NS_ASSERTIONS = NO;
				ENABLE_STRICT_OBJC_MSGSEND = YES;
				GCC_C_LANGUAGE_STANDARD = gnu11;
				GCC_NO_COMMON_BLOCKS = YES;
				GCC_WARN_64_TO_32_BIT_CONVERSION = YES;
				GCC_WARN_ABOUT_RETURN_TYPE = YES_ERROR;
				GCC_WARN_UNDECLARED_SELECTOR = YES;
				GCC_WARN_UNINITIALIZED_AUTOS = YES_AGGRESSIVE;
				GCC_WARN_UNUSED_FUNCTION = YES;
				GCC_WARN_UNUSED_VARIABLE = YES;
				IPHONEOS_DEPLOYMENT_TARGET = 15.2;
				MTL_ENABLE_DEBUG_INFO = NO;
				MTL_FAST_MATH = YES;
				SDKROOT = iphoneos;
				SWIFT_COMPILATION_MODE = wholemodule;
				SWIFT_OPTIMIZATION_LEVEL = "-O";
				VALIDATE_PRODUCT = YES;
			};
			name = Release;
		};
		3E90F26627855AC30077F5C3 /* Debug */ = {
			isa = XCBuildConfiguration;
			buildSettings = {
				ASSETCATALOG_COMPILER_APPICON_NAME = AppIcon;
				ASSETCATALOG_COMPILER_GLOBAL_ACCENT_COLOR_NAME = AccentColor;
				CODE_SIGN_STYLE = Automatic;
				CURRENT_PROJECT_VERSION = 1;
				DEVELOPMENT_ASSET_PATHS = "\"OAuth_Alamofire_SwiftUI/Preview Content\"";
				DEVELOPMENT_TEAM = BR8CN8N4Y6;
				ENABLE_PREVIEWS = YES;
				GENERATE_INFOPLIST_FILE = YES;
				INFOPLIST_FILE = "OAuth-Alamofire-SwiftUI-Info.plist";
				INFOPLIST_KEY_UIApplicationSceneManifest_Generation = YES;
				INFOPLIST_KEY_UIApplicationSupportsIndirectInputEvents = YES;
				INFOPLIST_KEY_UILaunchScreen_Generation = YES;
				INFOPLIST_KEY_UISupportedInterfaceOrientations_iPad = "UIInterfaceOrientationPortrait UIInterfaceOrientationPortraitUpsideDown UIInterfaceOrientationLandscapeLeft UIInterfaceOrientationLandscapeRight";
				INFOPLIST_KEY_UISupportedInterfaceOrientations_iPhone = "UIInterfaceOrientationPortrait UIInterfaceOrientationLandscapeLeft UIInterfaceOrientationLandscapeRight";
				IPHONEOS_DEPLOYMENT_TARGET = 15.2;
				LD_RUNPATH_SEARCH_PATHS = (
					"$(inherited)",
					"@executable_path/Frameworks",
				);
				MARKETING_VERSION = 1.0;
				PRODUCT_BUNDLE_IDENTIFIER = "com.SeongMinK.OAuth-Alamofire-SwiftUI";
				PRODUCT_NAME = "$(TARGET_NAME)";
				SWIFT_EMIT_LOC_STRINGS = YES;
				SWIFT_VERSION = 5.0;
				TARGETED_DEVICE_FAMILY = "1,2";
			};
			name = Debug;
		};
		3E90F26727855AC30077F5C3 /* Release */ = {
			isa = XCBuildConfiguration;
			buildSettings = {
				ASSETCATALOG_COMPILER_APPICON_NAME = AppIcon;
				ASSETCATALOG_COMPILER_GLOBAL_ACCENT_COLOR_NAME = AccentColor;
				CODE_SIGN_STYLE = Automatic;
				CURRENT_PROJECT_VERSION = 1;
				DEVELOPMENT_ASSET_PATHS = "\"OAuth_Alamofire_SwiftUI/Preview Content\"";
				DEVELOPMENT_TEAM = BR8CN8N4Y6;
				ENABLE_PREVIEWS = YES;
				GENERATE_INFOPLIST_FILE = YES;
				INFOPLIST_FILE = "OAuth-Alamofire-SwiftUI-Info.plist";
				INFOPLIST_KEY_UIApplicationSceneManifest_Generation = YES;
				INFOPLIST_KEY_UIApplicationSupportsIndirectInputEvents = YES;
				INFOPLIST_KEY_UILaunchScreen_Generation = YES;
				INFOPLIST_KEY_UISupportedInterfaceOrientations_iPad = "UIInterfaceOrientationPortrait UIInterfaceOrientationPortraitUpsideDown UIInterfaceOrientationLandscapeLeft UIInterfaceOrientationLandscapeRight";
				INFOPLIST_KEY_UISupportedInterfaceOrientations_iPhone = "UIInterfaceOrientationPortrait UIInterfaceOrientationLandscapeLeft UIInterfaceOrientationLandscapeRight";
				IPHONEOS_DEPLOYMENT_TARGET = 15.2;
				LD_RUNPATH_SEARCH_PATHS = (
					"$(inherited)",
					"@executable_path/Frameworks",
				);
				MARKETING_VERSION = 1.0;
				PRODUCT_BUNDLE_IDENTIFIER = "com.SeongMinK.OAuth-Alamofire-SwiftUI";
				PRODUCT_NAME = "$(TARGET_NAME)";
				SWIFT_EMIT_LOC_STRINGS = YES;
				SWIFT_VERSION = 5.0;
				TARGETED_DEVICE_FAMILY = "1,2";
			};
			name = Release;
		};
/* End XCBuildConfiguration section */

/* Begin XCConfigurationList section */
		3E90F25227855AC10077F5C3 /* Build configuration list for PBXProject "OAuth_Alamofire_SwiftUI" */ = {
			isa = XCConfigurationList;
			buildConfigurations = (
				3E90F26327855AC30077F5C3 /* Debug */,
				3E90F26427855AC30077F5C3 /* Release */,
			);
			defaultConfigurationIsVisible = 0;
			defaultConfigurationName = Release;
		};
		3E90F26527855AC30077F5C3 /* Build configuration list for PBXNativeTarget "OAuth_Alamofire_SwiftUI" */ = {
			isa = XCConfigurationList;
			buildConfigurations = (
				3E90F26627855AC30077F5C3 /* Debug */,
				3E90F26727855AC30077F5C3 /* Release */,
			);
			defaultConfigurationIsVisible = 0;
			defaultConfigurationName = Release;
		};
/* End XCConfigurationList section */

/* Begin XCRemoteSwiftPackageReference section */
		3E406A602786CE0700AE4286 /* XCRemoteSwiftPackageReference "Alamofire" */ = {
			isa = XCRemoteSwiftPackageReference;
			repositoryURL = "https://github.com/Alamofire/Alamofire.git";
			requirement = {
				kind = upToNextMajorVersion;
				minimumVersion = 5.0.0;
			};
		};
/* End XCRemoteSwiftPackageReference section */

/* Begin XCSwiftPackageProductDependency section */
		3E406A612786CE0700AE4286 /* Alamofire */ = {
			isa = XCSwiftPackageProductDependency;
			package = 3E406A602786CE0700AE4286 /* XCRemoteSwiftPackageReference "Alamofire" */;
			productName = Alamofire;
		};
/* End XCSwiftPackageProductDependency section */
	};
	rootObject = 3E90F24F27855AC10077F5C3 /* Project object */;
}
